
Microsoft Visual Studio Solution File, Format Version 12.00
# Visual Studio 15
VisualStudioVersion = 15.0.26430.15
MinimumVisualStudioVersion = 10.0.40219.1
Project("{2150E333-8FDC-42A3-9474-1A3956D46DE8}") = "Solution Items", "Solution Items", "{D473D8F1-5FBB-4CF6-9904-771F13E351A4}"
	ProjectSection(SolutionItems) = preProject
		LICENSE.md = LICENSE.md
		README.md = README.md
	EndProjectSection
EndProject
Project("{2150E333-8FDC-42A3-9474-1A3956D46DE8}") = "Controls", "Controls", "{EB1918B5-52EB-40E5-B48F-72DD377CABA9}"
EndProject
Project("{F184B08F-C81C-45F6-A57F-5ABD9991F28F}") = "MocaControlsVSPackage", "MocaControlsVSPackage\MocaControlsVSPackage.vbproj", "{3D7390E3-33C2-4CB3-A443-F73A88147072}"
EndProject
Project("{F184B08F-C81C-45F6-A57F-5ABD9991F28F}") = "MocaControls20", "MocaControls\MocaControls20.vbproj", "{89A56D3D-0375-4793-B25E-F0A5C5DE63DF}"
EndProject
Project("{F184B08F-C81C-45F6-A57F-5ABD9991F28F}") = "MocaControls35", "MocaControls\MocaControls35.vbproj", "{1EACF60C-D879-49F9-9EC0-EDB64403BFBC}"
EndProject
Project("{F184B08F-C81C-45F6-A57F-5ABD9991F28F}") = "MocaControls40", "MocaControls\MocaControls40.vbproj", "{D82C8C52-9F50-44F0-AB17-0AE882D0B2B3}"
EndProject
Project("{F184B08F-C81C-45F6-A57F-5ABD9991F28F}") = "MocaControls45", "MocaControls\MocaControls45.vbproj", "{BD5D01B2-CFAF-4A89-A821-870EF84770E7}"
EndProject
Project("{F184B08F-C81C-45F6-A57F-5ABD9991F28F}") = "MocaControls46", "MocaControls\MocaControls46.vbproj", "{783FFA15-5102-438F-ADBA-27FD3BE78EC9}"
EndProject
Project("{F184B08F-C81C-45F6-A57F-5ABD9991F28F}") = "MocaControls47", "MocaControls\MocaControls47.vbproj", "{D4A4EA03-32F8-49B1-A813-EDA1B36D6A5F}"
EndProject
Project("{F184B08F-C81C-45F6-A57F-5ABD9991F28F}") = "MocaControls452", "MocaControls\MocaControls452.vbproj", "{3488648D-4387-471A-82C5-A78324306F84}"
EndProject
Project("{F184B08F-C81C-45F6-A57F-5ABD9991F28F}") = "MocaControls462", "MocaControls\MocaControls462.vbproj", "{E59189D5-80A1-4208-A0DA-A4AAEC23C409}"
EndProject
Global
	GlobalSection(SolutionConfigurationPlatforms) = preSolution
		Debug|Any CPU = Debug|Any CPU
		Release|Any CPU = Release|Any CPU
	EndGlobalSection
	GlobalSection(ProjectConfigurationPlatforms) = postSolution
		{3D7390E3-33C2-4CB3-A443-F73A88147072}.Debug|Any CPU.ActiveCfg = Debug|Any CPU
		{3D7390E3-33C2-4CB3-A443-F73A88147072}.Debug|Any CPU.Build.0 = Debug|Any CPU
		{3D7390E3-33C2-4CB3-A443-F73A88147072}.Release|Any CPU.ActiveCfg = Release|Any CPU
		{3D7390E3-33C2-4CB3-A443-F73A88147072}.Release|Any CPU.Build.0 = Release|Any CPU
		{89A56D3D-0375-4793-B25E-F0A5C5DE63DF}.Debug|Any CPU.ActiveCfg = Debug|Any CPU
		{89A56D3D-0375-4793-B25E-F0A5C5DE63DF}.Debug|Any CPU.Build.0 = Debug|Any CPU
		{89A56D3D-0375-4793-B25E-F0A5C5DE63DF}.Release|Any CPU.ActiveCfg = Release|Any CPU
		{89A56D3D-0375-4793-B25E-F0A5C5DE63DF}.Release|Any CPU.Build.0 = Release|Any CPU
		{1EACF60C-D879-49F9-9EC0-EDB64403BFBC}.Debug|Any CPU.ActiveCfg = Debug|Any CPU
		{1EACF60C-D879-49F9-9EC0-EDB64403BFBC}.Debug|Any CPU.Build.0 = Debug|Any CPU
		{1EACF60C-D879-49F9-9EC0-EDB64403BFBC}.Release|Any CPU.ActiveCfg = Release|Any CPU
		{1EACF60C-D879-49F9-9EC0-EDB64403BFBC}.Release|Any CPU.Build.0 = Release|Any CPU
		{D82C8C52-9F50-44F0-AB17-0AE882D0B2B3}.Debug|Any CPU.ActiveCfg = Debug|Any CPU
		{D82C8C52-9F50-44F0-AB17-0AE882D0B2B3}.Debug|Any CPU.Build.0 = Debug|Any CPU
		{D82C8C52-9F50-44F0-AB17-0AE882D0B2B3}.Release|Any CPU.ActiveCfg = Release|Any CPU
		{D82C8C52-9F50-44F0-AB17-0AE882D0B2B3}.Release|Any CPU.Build.0 = Release|Any CPU
		{BD5D01B2-CFAF-4A89-A821-870EF84770E7}.Debug|Any CPU.ActiveCfg = Debug|Any CPU
		{BD5D01B2-CFAF-4A89-A821-870EF84770E7}.Debug|Any CPU.Build.0 = Debug|Any CPU
		{BD5D01B2-CFAF-4A89-A821-870EF84770E7}.Release|Any CPU.ActiveCfg = Release|Any CPU
		{BD5D01B2-CFAF-4A89-A821-870EF84770E7}.Release|Any CPU.Build.0 = Release|Any CPU
		{783FFA15-5102-438F-ADBA-27FD3BE78EC9}.Debug|Any CPU.ActiveCfg = Debug|Any CPU
		{783FFA15-5102-438F-ADBA-27FD3BE78EC9}.Debug|Any CPU.Build.0 = Debug|Any CPU
		{783FFA15-5102-438F-ADBA-27FD3BE78EC9}.Release|Any CPU.ActiveCfg = Release|Any CPU
		{783FFA15-5102-438F-ADBA-27FD3BE78EC9}.Release|Any CPU.Build.0 = Release|Any CPU
		{D4A4EA03-32F8-49B1-A813-EDA1B36D6A5F}.Debug|Any CPU.ActiveCfg = Debug|Any CPU
		{D4A4EA03-32F8-49B1-A813-EDA1B36D6A5F}.Debug|Any CPU.Build.0 = Debug|Any CPU
		{D4A4EA03-32F8-49B1-A813-EDA1B36D6A5F}.Release|Any CPU.ActiveCfg = Release|Any CPU
		{D4A4EA03-32F8-49B1-A813-EDA1B36D6A5F}.Release|Any CPU.Build.0 = Release|Any CPU
		{3488648D-4387-471A-82C5-A78324306F84}.Debug|Any CPU.ActiveCfg = Debug|Any CPU
		{3488648D-4387-471A-82C5-A78324306F84}.Debug|Any CPU.Build.0 = Debug|Any CPU
		{3488648D-4387-471A-82C5-A78324306F84}.Release|Any CPU.ActiveCfg = Release|Any CPU
		{3488648D-4387-471A-82C5-A78324306F84}.Release|Any CPU.Build.0 = Release|Any CPU
		{E59189D5-80A1-4208-A0DA-A4AAEC23C409}.Debug|Any CPU.ActiveCfg = Debug|Any CPU
		{E59189D5-80A1-4208-A0DA-A4AAEC23C409}.Debug|Any CPU.Build.0 = Debug|Any CPU
		{E59189D5-80A1-4208-A0DA-A4AAEC23C409}.Release|Any CPU.ActiveCfg = Release|Any CPU
		{E59189D5-80A1-4208-A0DA-A4AAEC23C409}.Release|Any CPU.Build.0 = Release|Any CPU
	EndGlobalSection
	GlobalSection(SolutionProperties) = preSolution
		HideSolutionNode = FALSE
	EndGlobalSection
	GlobalSection(NestedProjects) = preSolution
		{89A56D3D-0375-4793-B25E-F0A5C5DE63DF} = {EB1918B5-52EB-40E5-B48F-72DD377CABA9}
		{1EACF60C-D879-49F9-9EC0-EDB64403BFBC} = {EB1918B5-52EB-40E5-B48F-72DD377CABA9}
		{D82C8C52-9F50-44F0-AB17-0AE882D0B2B3} = {EB1918B5-52EB-40E5-B48F-72DD377CABA9}
		{BD5D01B2-CFAF-4A89-A821-870EF84770E7} = {EB1918B5-52EB-40E5-B48F-72DD377CABA9}
		{783FFA15-5102-438F-ADBA-27FD3BE78EC9} = {EB1918B5-52EB-40E5-B48F-72DD377CABA9}
		{D4A4EA03-32F8-49B1-A813-EDA1B36D6A5F} = {EB1918B5-52EB-40E5-B48F-72DD377CABA9}
		{3488648D-4387-471A-82C5-A78324306F84} = {EB1918B5-52EB-40E5-B48F-72DD377CABA9}
		{E59189D5-80A1-4208-A0DA-A4AAEC23C409} = {EB1918B5-52EB-40E5-B48F-72DD377CABA9}
	EndGlobalSection
EndGlobal
