
Microsoft Visual Studio Solution File, Format Version 12.00
# Visual Studio 14
VisualStudioVersion = 14.0.25420.1
MinimumVisualStudioVersion = 10.0.40219.1
Project("{2150E333-8FDC-42A3-9474-1A3956D46DE8}") = "Solution Items", "Solution Items", "{D473D8F1-5FBB-4CF6-9904-771F13E351A4}"
	ProjectSection(SolutionItems) = preProject
		LICENSE.md = LICENSE.md
		README.md = README.md
	EndProjectSection
EndProject
Project("{2150E333-8FDC-42A3-9474-1A3956D46DE8}") = "Controls", "Controls", "{EB1918B5-52EB-40E5-B48F-72DD377CABA9}"
EndProject
Project("{F184B08F-C81C-45F6-A57F-5ABD9991F28F}") = "MocaControls20", "MocaControls\MocaControls20.vbproj", "{467638FB-8A19-43DE-8918-BCDA0F8A51C2}"
EndProject
Project("{F184B08F-C81C-45F6-A57F-5ABD9991F28F}") = "MocaControls35", "MocaControls35\MocaControls35.vbproj", "{3C0FBF57-E8FE-43C5-9C47-1F9564B34D2B}"
EndProject
Project("{F184B08F-C81C-45F6-A57F-5ABD9991F28F}") = "MocaControls40", "MocaControls40\MocaControls40.vbproj", "{F8AC941E-C798-46AE-B673-23610E97B84B}"
EndProject
Project("{F184B08F-C81C-45F6-A57F-5ABD9991F28F}") = "MocaControls45", "MocaControls45\MocaControls45.vbproj", "{BBD85D2F-13EE-45B7-890B-2F93E1BA2D72}"
EndProject
Project("{F184B08F-C81C-45F6-A57F-5ABD9991F28F}") = "MocaControls46", "MocaControls46\MocaControls46.vbproj", "{249C42CE-F933-4830-9914-D702E47F637B}"
EndProject
Project("{F184B08F-C81C-45F6-A57F-5ABD9991F28F}") = "MocaControls20.TestWin", "MocaControls20.TestWin\MocaControls20.TestWin.vbproj", "{5AE5A4A1-B8F6-449C-B1ED-53B3FF2AED89}"
EndProject
Project("{F184B08F-C81C-45F6-A57F-5ABD9991F28F}") = "MocaControls47", "MocaControls47\MocaControls47.vbproj", "{AAEECEB1-8C41-43B8-9BEB-40809F53EC86}"
EndProject
Project("{F184B08F-C81C-45F6-A57F-5ABD9991F28F}") = "MocaControls452", "MocaControls452\MocaControls452.vbproj", "{C0393554-BABD-4A58-8AED-854ABBEA9292}"
EndProject
Project("{F184B08F-C81C-45F6-A57F-5ABD9991F28F}") = "MocaControls462", "MocaControls462\MocaControls462.vbproj", "{89A41C71-56C3-458D-9390-BD7B2E36E35D}"
EndProject
Project("{FF286327-C783-4F7A-AB73-9BCBAD0D4460}") = "NuGet.Package", "NuGet.Package\NuGet.Package.nuproj", "{66E947E1-8FB9-4B27-8AC3-56D19E04C9E0}"
EndProject
Global
	GlobalSection(SolutionConfigurationPlatforms) = preSolution
		Debug|Any CPU = Debug|Any CPU
		Release|Any CPU = Release|Any CPU
	EndGlobalSection
	GlobalSection(ProjectConfigurationPlatforms) = postSolution
		{467638FB-8A19-43DE-8918-BCDA0F8A51C2}.Debug|Any CPU.ActiveCfg = Debug|Any CPU
		{467638FB-8A19-43DE-8918-BCDA0F8A51C2}.Debug|Any CPU.Build.0 = Debug|Any CPU
		{467638FB-8A19-43DE-8918-BCDA0F8A51C2}.Release|Any CPU.ActiveCfg = Release|Any CPU
		{467638FB-8A19-43DE-8918-BCDA0F8A51C2}.Release|Any CPU.Build.0 = Release|Any CPU
		{3C0FBF57-E8FE-43C5-9C47-1F9564B34D2B}.Debug|Any CPU.ActiveCfg = Debug|Any CPU
		{3C0FBF57-E8FE-43C5-9C47-1F9564B34D2B}.Debug|Any CPU.Build.0 = Debug|Any CPU
		{3C0FBF57-E8FE-43C5-9C47-1F9564B34D2B}.Release|Any CPU.ActiveCfg = Release|Any CPU
		{3C0FBF57-E8FE-43C5-9C47-1F9564B34D2B}.Release|Any CPU.Build.0 = Release|Any CPU
		{F8AC941E-C798-46AE-B673-23610E97B84B}.Debug|Any CPU.ActiveCfg = Debug|Any CPU
		{F8AC941E-C798-46AE-B673-23610E97B84B}.Debug|Any CPU.Build.0 = Debug|Any CPU
		{F8AC941E-C798-46AE-B673-23610E97B84B}.Release|Any CPU.ActiveCfg = Release|Any CPU
		{F8AC941E-C798-46AE-B673-23610E97B84B}.Release|Any CPU.Build.0 = Release|Any CPU
		{BBD85D2F-13EE-45B7-890B-2F93E1BA2D72}.Debug|Any CPU.ActiveCfg = Debug|Any CPU
		{BBD85D2F-13EE-45B7-890B-2F93E1BA2D72}.Debug|Any CPU.Build.0 = Debug|Any CPU
		{BBD85D2F-13EE-45B7-890B-2F93E1BA2D72}.Release|Any CPU.ActiveCfg = Release|Any CPU
		{BBD85D2F-13EE-45B7-890B-2F93E1BA2D72}.Release|Any CPU.Build.0 = Release|Any CPU
		{249C42CE-F933-4830-9914-D702E47F637B}.Debug|Any CPU.ActiveCfg = Debug|Any CPU
		{249C42CE-F933-4830-9914-D702E47F637B}.Debug|Any CPU.Build.0 = Debug|Any CPU
		{249C42CE-F933-4830-9914-D702E47F637B}.Release|Any CPU.ActiveCfg = Release|Any CPU
		{249C42CE-F933-4830-9914-D702E47F637B}.Release|Any CPU.Build.0 = Release|Any CPU
		{5AE5A4A1-B8F6-449C-B1ED-53B3FF2AED89}.Debug|Any CPU.ActiveCfg = Debug|Any CPU
		{5AE5A4A1-B8F6-449C-B1ED-53B3FF2AED89}.Debug|Any CPU.Build.0 = Debug|Any CPU
		{5AE5A4A1-B8F6-449C-B1ED-53B3FF2AED89}.Release|Any CPU.ActiveCfg = Release|Any CPU
		{AAEECEB1-8C41-43B8-9BEB-40809F53EC86}.Debug|Any CPU.ActiveCfg = Debug|Any CPU
		{AAEECEB1-8C41-43B8-9BEB-40809F53EC86}.Debug|Any CPU.Build.0 = Debug|Any CPU
		{AAEECEB1-8C41-43B8-9BEB-40809F53EC86}.Release|Any CPU.ActiveCfg = Release|Any CPU
		{AAEECEB1-8C41-43B8-9BEB-40809F53EC86}.Release|Any CPU.Build.0 = Release|Any CPU
		{C0393554-BABD-4A58-8AED-854ABBEA9292}.Debug|Any CPU.ActiveCfg = Debug|Any CPU
		{C0393554-BABD-4A58-8AED-854ABBEA9292}.Debug|Any CPU.Build.0 = Debug|Any CPU
		{C0393554-BABD-4A58-8AED-854ABBEA9292}.Release|Any CPU.ActiveCfg = Release|Any CPU
		{C0393554-BABD-4A58-8AED-854ABBEA9292}.Release|Any CPU.Build.0 = Release|Any CPU
		{89A41C71-56C3-458D-9390-BD7B2E36E35D}.Debug|Any CPU.ActiveCfg = Debug|Any CPU
		{89A41C71-56C3-458D-9390-BD7B2E36E35D}.Debug|Any CPU.Build.0 = Debug|Any CPU
		{89A41C71-56C3-458D-9390-BD7B2E36E35D}.Release|Any CPU.ActiveCfg = Release|Any CPU
		{89A41C71-56C3-458D-9390-BD7B2E36E35D}.Release|Any CPU.Build.0 = Release|Any CPU
		{66E947E1-8FB9-4B27-8AC3-56D19E04C9E0}.Debug|Any CPU.ActiveCfg = Debug|Any CPU
		{66E947E1-8FB9-4B27-8AC3-56D19E04C9E0}.Debug|Any CPU.Build.0 = Debug|Any CPU
		{66E947E1-8FB9-4B27-8AC3-56D19E04C9E0}.Release|Any CPU.ActiveCfg = Release|Any CPU
		{66E947E1-8FB9-4B27-8AC3-56D19E04C9E0}.Release|Any CPU.Build.0 = Release|Any CPU
	EndGlobalSection
	GlobalSection(SolutionProperties) = preSolution
		HideSolutionNode = FALSE
	EndGlobalSection
	GlobalSection(NestedProjects) = preSolution
		{467638FB-8A19-43DE-8918-BCDA0F8A51C2} = {EB1918B5-52EB-40E5-B48F-72DD377CABA9}
		{3C0FBF57-E8FE-43C5-9C47-1F9564B34D2B} = {EB1918B5-52EB-40E5-B48F-72DD377CABA9}
		{F8AC941E-C798-46AE-B673-23610E97B84B} = {EB1918B5-52EB-40E5-B48F-72DD377CABA9}
		{BBD85D2F-13EE-45B7-890B-2F93E1BA2D72} = {EB1918B5-52EB-40E5-B48F-72DD377CABA9}
		{249C42CE-F933-4830-9914-D702E47F637B} = {EB1918B5-52EB-40E5-B48F-72DD377CABA9}
		{5AE5A4A1-B8F6-449C-B1ED-53B3FF2AED89} = {EB1918B5-52EB-40E5-B48F-72DD377CABA9}
		{AAEECEB1-8C41-43B8-9BEB-40809F53EC86} = {EB1918B5-52EB-40E5-B48F-72DD377CABA9}
		{C0393554-BABD-4A58-8AED-854ABBEA9292} = {EB1918B5-52EB-40E5-B48F-72DD377CABA9}
		{89A41C71-56C3-458D-9390-BD7B2E36E35D} = {EB1918B5-52EB-40E5-B48F-72DD377CABA9}
		{66E947E1-8FB9-4B27-8AC3-56D19E04C9E0} = {EB1918B5-52EB-40E5-B48F-72DD377CABA9}
	EndGlobalSection
EndGlobal
